
Microsoft Visual Studio Solution File, Format Version 12.00
# Visual Studio Version 17
VisualStudioVersion = 17.0.31919.166
MinimumVisualStudioVersion = 10.0.40219.1
Project("{FAE04EC0-301F-11D3-BF4B-00C04F79EFBC}") = "HazeClient", "HazeClient\HazeClient.csproj", "{10BD464B-D03A-4A00-AC97-02F6A3C5D815}"
EndProject
Project("{FAE04EC0-301F-11D3-BF4B-00C04F79EFBC}") = "LinqExtensions", "..\Haze\LinqExtensions\LinqExtensions.csproj", "{1066D739-6533-4BB2-8741-1BAFF2EB990C}"
EndProject
Project("{FAE04EC0-301F-11D3-BF4B-00C04F79EFBC}") = "Haze", "..\Haze\Haze\Haze.csproj", "{3F3D5FF8-B721-499A-96B5-A82F5951FD32}"
EndProject
Project("{FAE04EC0-301F-11D3-BF4B-00C04F79EFBC}") = "HazeAbstractions", "..\Haze\HazeAbstractions\HazeAbstractions.csproj", "{705F42BD-C81E-4204-93E8-91E6D66395D5}"
EndProject
Project("{FAE04EC0-301F-11D3-BF4B-00C04F79EFBC}") = "HazeCommands", "..\Haze\HazeCommands\HazeCommands.csproj", "{8E9F0B4A-292E-45E3-BC09-0221E201C0C7}"
EndProject
Project("{FAE04EC0-301F-11D3-BF4B-00C04F79EFBC}") = "HazeKeys", "..\Haze\HazeKeys\HazeKeys.csproj", "{69251799-91C7-4816-8CBC-278D2749994F}"
EndProject
Project("{FAE04EC0-301F-11D3-BF4B-00C04F79EFBC}") = "HazeLogging", "..\Haze\HazeLogging\HazeLogging.csproj", "{85A0855F-B833-42EF-BBE6-0F7DDE81DA7D}"
EndProject
Project("{FAE04EC0-301F-11D3-BF4B-00C04F79EFBC}") = "HazePackets", "..\Haze\HazePackets\HazePackets.csproj", "{18526884-B51F-4442-81AF-2FBAFF9CDC8B}"
EndProject
Project("{FAE04EC0-301F-11D3-BF4B-00C04F79EFBC}") = "SqlDatabase", "..\SqlDatabase\SqlDatabase\SqlDatabase.csproj", "{4AB79485-FE07-4D80-89D0-6BF39FCF804D}"
EndProject
Global
	GlobalSection(SolutionConfigurationPlatforms) = preSolution
		Debug|Any CPU = Debug|Any CPU
		Release|Any CPU = Release|Any CPU
	EndGlobalSection
	GlobalSection(ProjectConfigurationPlatforms) = postSolution
		{10BD464B-D03A-4A00-AC97-02F6A3C5D815}.Debug|Any CPU.ActiveCfg = Debug|Any CPU
		{10BD464B-D03A-4A00-AC97-02F6A3C5D815}.Debug|Any CPU.Build.0 = Debug|Any CPU
		{10BD464B-D03A-4A00-AC97-02F6A3C5D815}.Release|Any CPU.ActiveCfg = Release|Any CPU
		{10BD464B-D03A-4A00-AC97-02F6A3C5D815}.Release|Any CPU.Build.0 = Release|Any CPU
		{1066D739-6533-4BB2-8741-1BAFF2EB990C}.Debug|Any CPU.ActiveCfg = Debug|Any CPU
		{1066D739-6533-4BB2-8741-1BAFF2EB990C}.Debug|Any CPU.Build.0 = Debug|Any CPU
		{1066D739-6533-4BB2-8741-1BAFF2EB990C}.Release|Any CPU.ActiveCfg = Release|Any CPU
		{1066D739-6533-4BB2-8741-1BAFF2EB990C}.Release|Any CPU.Build.0 = Release|Any CPU
		{3F3D5FF8-B721-499A-96B5-A82F5951FD32}.Debug|Any CPU.ActiveCfg = Debug|Any CPU
		{3F3D5FF8-B721-499A-96B5-A82F5951FD32}.Debug|Any CPU.Build.0 = Debug|Any CPU
		{3F3D5FF8-B721-499A-96B5-A82F5951FD32}.Release|Any CPU.ActiveCfg = Release|Any CPU
		{3F3D5FF8-B721-499A-96B5-A82F5951FD32}.Release|Any CPU.Build.0 = Release|Any CPU
		{705F42BD-C81E-4204-93E8-91E6D66395D5}.Debug|Any CPU.ActiveCfg = Debug|Any CPU
		{705F42BD-C81E-4204-93E8-91E6D66395D5}.Debug|Any CPU.Build.0 = Debug|Any CPU
		{705F42BD-C81E-4204-93E8-91E6D66395D5}.Release|Any CPU.ActiveCfg = Release|Any CPU
		{705F42BD-C81E-4204-93E8-91E6D66395D5}.Release|Any CPU.Build.0 = Release|Any CPU
		{8E9F0B4A-292E-45E3-BC09-0221E201C0C7}.Debug|Any CPU.ActiveCfg = Debug|Any CPU
		{8E9F0B4A-292E-45E3-BC09-0221E201C0C7}.Debug|Any CPU.Build.0 = Debug|Any CPU
		{8E9F0B4A-292E-45E3-BC09-0221E201C0C7}.Release|Any CPU.ActiveCfg = Release|Any CPU
		{8E9F0B4A-292E-45E3-BC09-0221E201C0C7}.Release|Any CPU.Build.0 = Release|Any CPU
		{69251799-91C7-4816-8CBC-278D2749994F}.Debug|Any CPU.ActiveCfg = Debug|Any CPU
		{69251799-91C7-4816-8CBC-278D2749994F}.Debug|Any CPU.Build.0 = Debug|Any CPU
		{69251799-91C7-4816-8CBC-278D2749994F}.Release|Any CPU.ActiveCfg = Release|Any CPU
		{69251799-91C7-4816-8CBC-278D2749994F}.Release|Any CPU.Build.0 = Release|Any CPU
		{85A0855F-B833-42EF-BBE6-0F7DDE81DA7D}.Debug|Any CPU.ActiveCfg = Debug|Any CPU
		{85A0855F-B833-42EF-BBE6-0F7DDE81DA7D}.Debug|Any CPU.Build.0 = Debug|Any CPU
		{85A0855F-B833-42EF-BBE6-0F7DDE81DA7D}.Release|Any CPU.ActiveCfg = Release|Any CPU
		{85A0855F-B833-42EF-BBE6-0F7DDE81DA7D}.Release|Any CPU.Build.0 = Release|Any CPU
		{18526884-B51F-4442-81AF-2FBAFF9CDC8B}.Debug|Any CPU.ActiveCfg = Debug|Any CPU
		{18526884-B51F-4442-81AF-2FBAFF9CDC8B}.Debug|Any CPU.Build.0 = Debug|Any CPU
		{18526884-B51F-4442-81AF-2FBAFF9CDC8B}.Release|Any CPU.ActiveCfg = Release|Any CPU
		{18526884-B51F-4442-81AF-2FBAFF9CDC8B}.Release|Any CPU.Build.0 = Release|Any CPU
		{4AB79485-FE07-4D80-89D0-6BF39FCF804D}.Debug|Any CPU.ActiveCfg = Debug|Any CPU
		{4AB79485-FE07-4D80-89D0-6BF39FCF804D}.Debug|Any CPU.Build.0 = Debug|Any CPU
		{4AB79485-FE07-4D80-89D0-6BF39FCF804D}.Release|Any CPU.ActiveCfg = Release|Any CPU
		{4AB79485-FE07-4D80-89D0-6BF39FCF804D}.Release|Any CPU.Build.0 = Release|Any CPU
	EndGlobalSection
	GlobalSection(SolutionProperties) = preSolution
		HideSolutionNode = FALSE
	EndGlobalSection
	GlobalSection(ExtensibilityGlobals) = postSolution
		SolutionGuid = {34319A0E-8EF7-46EA-8D81-5516D38A5BEA}
	EndGlobalSection
EndGlobal
